
Microsoft Visual Studio Solution File, Format Version 12.00
# Visual Studio Version 17
VisualStudioVersion = 17.6.33829.357
MinimumVisualStudioVersion = 10.0.40219.1
Project("{FAE04EC0-301F-11D3-BF4B-00C04F79EFBC}") = "EmployeeOOP", "EmployeeOOP.csproj", "{12118EA4-7CBB-4209-9438-AEBB90D13917}"
EndProject
Global
	GlobalSection(SolutionConfigurationPlatforms) = preSolution
		Debug|Any CPU = Debug|Any CPU
		Release|Any CPU = Release|Any CPU
	EndGlobalSection
	GlobalSection(ProjectConfigurationPlatforms) = postSolution
		{12118EA4-7CBB-4209-9438-AEBB90D13917}.Debug|Any CPU.ActiveCfg = Debug|Any CPU
		{12118EA4-7CBB-4209-9438-AEBB90D13917}.Debug|Any CPU.Build.0 = Debug|Any CPU
		{12118EA4-7CBB-4209-9438-AEBB90D13917}.Release|Any CPU.ActiveCfg = Release|Any CPU
		{12118EA4-7CBB-4209-9438-AEBB90D13917}.Release|Any CPU.Build.0 = Release|Any CPU
	EndGlobalSection
	GlobalSection(SolutionProperties) = preSolution
		HideSolutionNode = FALSE
	EndGlobalSection
	GlobalSection(ExtensibilityGlobals) = postSolution
		SolutionGuid = {6F63115D-A11A-48F7-8C49-039544A77FAD}
	EndGlobalSection
EndGlobal
